
Microsoft Visual Studio Solution File, Format Version 12.00
# Visual Studio Version 16
VisualStudioVersion = 16.0.29728.190
MinimumVisualStudioVersion = 10.0.40219.1
Project("{00D1A9C2-B5F0-4AF3-8072-F6C62B433612}") = "TimsDinerDB", "TimsDinerDB\TimsDinerDB.sqlproj", "{4ECA20CF-3498-460C-8F62-109E07DF8A82}"
EndProject
Project("{2150E333-8FDC-42A3-9474-1A3956D46DE8}") = "Solution Items", "Solution Items", "{4CE51DF7-4178-4F4D-8E5B-56102688D2DC}"
	ProjectSection(SolutionItems) = preProject
		CourseNotes.txt = CourseNotes.txt
		NotesAtWork.txt = NotesAtWork.txt
	EndProjectSection
EndProject
Project("{9A19103F-16F7-4668-BE54-9A1E7A4F7556}") = "DataLibrary", "DataLibrary\DataLibrary.csproj", "{49582624-3B0B-41DF-ACEE-92D47E5110DF}"
EndProject
Global
	GlobalSection(SolutionConfigurationPlatforms) = preSolution
		Debug|Any CPU = Debug|Any CPU
		Release|Any CPU = Release|Any CPU
	EndGlobalSection
	GlobalSection(ProjectConfigurationPlatforms) = postSolution
		{4ECA20CF-3498-460C-8F62-109E07DF8A82}.Debug|Any CPU.ActiveCfg = Debug|Any CPU
		{4ECA20CF-3498-460C-8F62-109E07DF8A82}.Debug|Any CPU.Build.0 = Debug|Any CPU
		{4ECA20CF-3498-460C-8F62-109E07DF8A82}.Debug|Any CPU.Deploy.0 = Debug|Any CPU
		{4ECA20CF-3498-460C-8F62-109E07DF8A82}.Release|Any CPU.ActiveCfg = Release|Any CPU
		{4ECA20CF-3498-460C-8F62-109E07DF8A82}.Release|Any CPU.Build.0 = Release|Any CPU
		{4ECA20CF-3498-460C-8F62-109E07DF8A82}.Release|Any CPU.Deploy.0 = Release|Any CPU
		{49582624-3B0B-41DF-ACEE-92D47E5110DF}.Debug|Any CPU.ActiveCfg = Debug|Any CPU
		{49582624-3B0B-41DF-ACEE-92D47E5110DF}.Debug|Any CPU.Build.0 = Debug|Any CPU
		{49582624-3B0B-41DF-ACEE-92D47E5110DF}.Release|Any CPU.ActiveCfg = Release|Any CPU
		{49582624-3B0B-41DF-ACEE-92D47E5110DF}.Release|Any CPU.Build.0 = Release|Any CPU
	EndGlobalSection
	GlobalSection(SolutionProperties) = preSolution
		HideSolutionNode = FALSE
	EndGlobalSection
	GlobalSection(ExtensibilityGlobals) = postSolution
		SolutionGuid = {FAB4671A-290C-41C5-B55A-6F3931206CE2}
	EndGlobalSection
EndGlobal
